
Microsoft Visual Studio Solution File, Format Version 12.00
# Visual Studio Version 16
VisualStudioVersion = 16.0.32901.82
MinimumVisualStudioVersion = 10.0.40219.1
Project("{FAE04EC0-301F-11D3-BF4B-00C04F79EFBC}") = "Indexer-Reflection", "Indexer-Reflection.csproj", "{AA4C9816-3448-40D4-871B-93A8D5548856}"
EndProject
Global
	GlobalSection(SolutionConfigurationPlatforms) = preSolution
		Debug|Any CPU = Debug|Any CPU
		Release|Any CPU = Release|Any CPU
	EndGlobalSection
	GlobalSection(ProjectConfigurationPlatforms) = postSolution
		{AA4C9816-3448-40D4-871B-93A8D5548856}.Debug|Any CPU.ActiveCfg = Debug|Any CPU
		{AA4C9816-3448-40D4-871B-93A8D5548856}.Debug|Any CPU.Build.0 = Debug|Any CPU
		{AA4C9816-3448-40D4-871B-93A8D5548856}.Release|Any CPU.ActiveCfg = Release|Any CPU
		{AA4C9816-3448-40D4-871B-93A8D5548856}.Release|Any CPU.Build.0 = Release|Any CPU
	EndGlobalSection
	GlobalSection(SolutionProperties) = preSolution
		HideSolutionNode = FALSE
	EndGlobalSection
	GlobalSection(ExtensibilityGlobals) = postSolution
		SolutionGuid = {69948E60-3165-428E-827F-78A1512615AC}
	EndGlobalSection
EndGlobal
